// !$*UTF8*$!
{
	archiveVersion = 1;
	classes = {
	};
	objectVersion = 50;
	objects = {

/* Begin PBXBuildFile section */
		1C3EC2062109EE920074A601 /* AppDelegate.m in Sources */ = {isa = PBXBuildFile; fileRef = 1C3EC2052109EE920074A601 /* AppDelegate.m */; };
		1C3EC2092109EE920074A601 /* ViewController.m in Sources */ = {isa = PBXBuildFile; fileRef = 1C3EC2082109EE920074A601 /* ViewController.m */; };
		1C3EC20C2109EE920074A601 /* Main.storyboard in Resources */ = {isa = PBXBuildFile; fileRef = 1C3EC20A2109EE920074A601 /* Main.storyboard */; };
		1C3EC20E2109EE930074A601 /* Assets.xcassets in Resources */ = {isa = PBXBuildFile; fileRef = 1C3EC20D2109EE930074A601 /* Assets.xcassets */; };
		1C3EC2112109EE930074A601 /* LaunchScreen.storyboard in Resources */ = {isa = PBXBuildFile; fileRef = 1C3EC20F2109EE930074A601 /* LaunchScreen.storyboard */; };
		1C3EC2142109EE930074A601 /* main.m in Sources */ = {isa = PBXBuildFile; fileRef = 1C3EC2132109EE930074A601 /* main.m */; };
		8052ADAA210BBD79009A4098 /* JSONImage.m in Sources */ = {isa = PBXBuildFile; fileRef = 8052ADA0210BBD79009A4098 /* JSONImage.m */; };
		8052ADAB210BBD79009A4098 /* JSONColor.m in Sources */ = {isa = PBXBuildFile; fileRef = 8052ADA3210BBD79009A4098 /* JSONColor.m */; };
		8052ADAC210BBD79009A4098 /* JSONLayout.m in Sources */ = {isa = PBXBuildFile; fileRef = 8052ADA5210BBD79009A4098 /* JSONLayout.m */; };
		8052ADAD210BBD79009A4098 /* JSONViewController.m in Sources */ = {isa = PBXBuildFile; fileRef = 8052ADA8210BBD79009A4098 /* JSONViewController.m */; };
		8052ADB2210C6AD3009A4098 /* menu.json in Resources */ = {isa = PBXBuildFile; fileRef = 8052ADB0210C6AD3009A4098 /* menu.json */; };
		8052ADB3210C6AD3009A4098 /* feed.json in Resources */ = {isa = PBXBuildFile; fileRef = 8052ADB1210C6AD3009A4098 /* feed.json */; };
		8052ADB8210E33B1009A4098 /* JSONPushViewControllerAction.m in Sources */ = {isa = PBXBuildFile; fileRef = 8052ADB7210E33B1009A4098 /* JSONPushViewControllerAction.m */; };
		8052ADBC210E60CA009A4098 /* JSONFileActionPayload.m in Sources */ = {isa = PBXBuildFile; fileRef = 8052ADBB210E60CA009A4098 /* JSONFileActionPayload.m */; };
		8052ADC0210F9FB4009A4098 /* UIView+JSONView.m in Sources */ = {isa = PBXBuildFile; fileRef = 8052ADBF210F9FB4009A4098 /* UIView+JSONView.m */; };
		8052ADC3210FB56C009A4098 /* JSONActionPayloadMap.m in Sources */ = {isa = PBXBuildFile; fileRef = 8052ADC2210FB56C009A4098 /* JSONActionPayloadMap.m */; };
		8052ADCA210FB6CA009A4098 /* JSONViewControllerRouter.m in Sources */ = {isa = PBXBuildFile; fileRef = 8052ADC9210FB6CA009A4098 /* JSONViewControllerRouter.m */; };
		8052ADCD210FBD7E009A4098 /* JSONPresentViewControllerAction.m in Sources */ = {isa = PBXBuildFile; fileRef = 8052ADCC210FBD7E009A4098 /* JSONPresentViewControllerAction.m */; };
		8052ADCF210FBFDC009A4098 /* modal.json in Resources */ = {isa = PBXBuildFile; fileRef = 8052ADCE210FBFDC009A4098 /* modal.json */; };
		8052ADD2210FC4A8009A4098 /* JSONPopViewControllerAction.m in Sources */ = {isa = PBXBuildFile; fileRef = 8052ADD1210FC4A8009A4098 /* JSONPopViewControllerAction.m */; };
		8FD37DE83B878AAD7DE85777 /* Pods_JSONViewExample.framework in Frameworks */ = {isa = PBXBuildFile; fileRef = B693174770C8DAB73D215C9F /* Pods_JSONViewExample.framework */; };
/* End PBXBuildFile section */

/* Begin PBXFileReference section */
		1C3EC2012109EE920074A601 /* JSONViewExample.app */ = {isa = PBXFileReference; explicitFileType = wrapper.application; includeInIndex = 0; path = JSONViewExample.app; sourceTree = BUILT_PRODUCTS_DIR; };
		1C3EC2042109EE920074A601 /* AppDelegate.h */ = {isa = PBXFileReference; lastKnownFileType = sourcecode.c.h; path = AppDelegate.h; sourceTree = "<group>"; };
		1C3EC2052109EE920074A601 /* AppDelegate.m */ = {isa = PBXFileReference; lastKnownFileType = sourcecode.c.objc; path = AppDelegate.m; sourceTree = "<group>"; };
		1C3EC2072109EE920074A601 /* ViewController.h */ = {isa = PBXFileReference; lastKnownFileType = sourcecode.c.h; path = ViewController.h; sourceTree = "<group>"; };
		1C3EC2082109EE920074A601 /* ViewController.m */ = {isa = PBXFileReference; lastKnownFileType = sourcecode.c.objc; path = ViewController.m; sourceTree = "<group>"; };
		1C3EC20B2109EE920074A601 /* Base */ = {isa = PBXFileReference; lastKnownFileType = file.storyboard; name = Base; path = Base.lproj/Main.storyboard; sourceTree = "<group>"; };
		1C3EC20D2109EE930074A601 /* Assets.xcassets */ = {isa = PBXFileReference; lastKnownFileType = folder.assetcatalog; path = Assets.xcassets; sourceTree = "<group>"; };
		1C3EC2102109EE930074A601 /* Base */ = {isa = PBXFileReference; lastKnownFileType = file.storyboard; name = Base; path = Base.lproj/LaunchScreen.storyboard; sourceTree = "<group>"; };
		1C3EC2122109EE930074A601 /* Info.plist */ = {isa = PBXFileReference; lastKnownFileType = text.plist.xml; path = Info.plist; sourceTree = "<group>"; };
		1C3EC2132109EE930074A601 /* main.m */ = {isa = PBXFileReference; lastKnownFileType = sourcecode.c.objc; path = main.m; sourceTree = "<group>"; };
		45A343F29E43BE7A1DE8D9FE /* Pods-JSONViewExample.release.xcconfig */ = {isa = PBXFileReference; includeInIndex = 1; lastKnownFileType = text.xcconfig; name = "Pods-JSONViewExample.release.xcconfig"; path = "Pods/Target Support Files/Pods-JSONViewExample/Pods-JSONViewExample.release.xcconfig"; sourceTree = "<group>"; };
		8052AD9F210BBD79009A4098 /* JSONColor.h */ = {isa = PBXFileReference; fileEncoding = 4; lastKnownFileType = sourcecode.c.h; path = JSONColor.h; sourceTree = "<group>"; };
		8052ADA0210BBD79009A4098 /* JSONImage.m */ = {isa = PBXFileReference; fileEncoding = 4; lastKnownFileType = sourcecode.c.objc; path = JSONImage.m; sourceTree = "<group>"; };
		8052ADA1210BBD79009A4098 /* JSONValue.h */ = {isa = PBXFileReference; fileEncoding = 4; lastKnownFileType = sourcecode.c.h; path = JSONValue.h; sourceTree = "<group>"; };
		8052ADA2210BBD79009A4098 /* JSONImage.h */ = {isa = PBXFileReference; fileEncoding = 4; lastKnownFileType = sourcecode.c.h; path = JSONImage.h; sourceTree = "<group>"; };
		8052ADA3210BBD79009A4098 /* JSONColor.m */ = {isa = PBXFileReference; fileEncoding = 4; lastKnownFileType = sourcecode.c.objc; path = JSONColor.m; sourceTree = "<group>"; };
		8052ADA4210BBD79009A4098 /* JSONViewController.h */ = {isa = PBXFileReference; fileEncoding = 4; lastKnownFileType = sourcecode.c.h; path = JSONViewController.h; sourceTree = "<group>"; };
		8052ADA5210BBD79009A4098 /* JSONLayout.m */ = {isa = PBXFileReference; fileEncoding = 4; lastKnownFileType = sourcecode.c.objc; path = JSONLayout.m; sourceTree = "<group>"; };
		8052ADA7210BBD79009A4098 /* JSONLayout.h */ = {isa = PBXFileReference; fileEncoding = 4; lastKnownFileType = sourcecode.c.h; path = JSONLayout.h; sourceTree = "<group>"; };
		8052ADA8210BBD79009A4098 /* JSONViewController.m */ = {isa = PBXFileReference; fileEncoding = 4; lastKnownFileType = sourcecode.c.objc; path = JSONViewController.m; sourceTree = "<group>"; };
		8052ADB0210C6AD3009A4098 /* menu.json */ = {isa = PBXFileReference; fileEncoding = 4; lastKnownFileType = text.json; path = menu.json; sourceTree = "<group>"; };
		8052ADB1210C6AD3009A4098 /* feed.json */ = {isa = PBXFileReference; fileEncoding = 4; lastKnownFileType = text.json; path = feed.json; sourceTree = "<group>"; };
		8052ADB5210E3337009A4098 /* JSONAction.h */ = {isa = PBXFileReference; lastKnownFileType = sourcecode.c.h; path = JSONAction.h; sourceTree = "<group>"; };
		8052ADB6210E33B1009A4098 /* JSONPushViewControllerAction.h */ = {isa = PBXFileReference; lastKnownFileType = sourcecode.c.h; path = JSONPushViewControllerAction.h; sourceTree = "<group>"; };
		8052ADB7210E33B1009A4098 /* JSONPushViewControllerAction.m */ = {isa = PBXFileReference; lastKnownFileType = sourcecode.c.objc; path = JSONPushViewControllerAction.m; sourceTree = "<group>"; };
		8052ADBA210E60CA009A4098 /* JSONFileActionPayload.h */ = {isa = PBXFileReference; lastKnownFileType = sourcecode.c.h; path = JSONFileActionPayload.h; sourceTree = "<group>"; };
		8052ADBB210E60CA009A4098 /* JSONFileActionPayload.m */ = {isa = PBXFileReference; lastKnownFileType = sourcecode.c.objc; path = JSONFileActionPayload.m; sourceTree = "<group>"; };
		8052ADBD210E61EB009A4098 /* JSONActionPayload.h */ = {isa = PBXFileReference; lastKnownFileType = sourcecode.c.h; path = JSONActionPayload.h; sourceTree = "<group>"; };
		8052ADBE210F9FB4009A4098 /* UIView+JSONView.h */ = {isa = PBXFileReference; lastKnownFileType = sourcecode.c.h; path = "UIView+JSONView.h"; sourceTree = "<group>"; };
		8052ADBF210F9FB4009A4098 /* UIView+JSONView.m */ = {isa = PBXFileReference; lastKnownFileType = sourcecode.c.objc; path = "UIView+JSONView.m"; sourceTree = "<group>"; };
		8052ADC1210FB56C009A4098 /* JSONActionPayloadMap.h */ = {isa = PBXFileReference; lastKnownFileType = sourcecode.c.h; path = JSONActionPayloadMap.h; sourceTree = "<group>"; };
		8052ADC2210FB56C009A4098 /* JSONActionPayloadMap.m */ = {isa = PBXFileReference; lastKnownFileType = sourcecode.c.objc; path = JSONActionPayloadMap.m; sourceTree = "<group>"; };
		8052ADC8210FB6CA009A4098 /* JSONViewControllerRouter.h */ = {isa = PBXFileReference; lastKnownFileType = sourcecode.c.h; path = JSONViewControllerRouter.h; sourceTree = "<group>"; };
		8052ADC9210FB6CA009A4098 /* JSONViewControllerRouter.m */ = {isa = PBXFileReference; lastKnownFileType = sourcecode.c.objc; path = JSONViewControllerRouter.m; sourceTree = "<group>"; };
		8052ADCB210FBD7E009A4098 /* JSONPresentViewControllerAction.h */ = {isa = PBXFileReference; lastKnownFileType = sourcecode.c.h; path = JSONPresentViewControllerAction.h; sourceTree = "<group>"; };
		8052ADCC210FBD7E009A4098 /* JSONPresentViewControllerAction.m */ = {isa = PBXFileReference; lastKnownFileType = sourcecode.c.objc; path = JSONPresentViewControllerAction.m; sourceTree = "<group>"; };
		8052ADCE210FBFDC009A4098 /* modal.json */ = {isa = PBXFileReference; fileEncoding = 4; lastKnownFileType = text.json; path = modal.json; sourceTree = "<group>"; };
		8052ADD0210FC4A8009A4098 /* JSONPopViewControllerAction.h */ = {isa = PBXFileReference; lastKnownFileType = sourcecode.c.h; path = JSONPopViewControllerAction.h; sourceTree = "<group>"; };
		8052ADD1210FC4A8009A4098 /* JSONPopViewControllerAction.m */ = {isa = PBXFileReference; lastKnownFileType = sourcecode.c.objc; path = JSONPopViewControllerAction.m; sourceTree = "<group>"; };
		84BADB79AD950AF6FEF108DB /* Pods-JSONViewExample.debug.xcconfig */ = {isa = PBXFileReference; includeInIndex = 1; lastKnownFileType = text.xcconfig; name = "Pods-JSONViewExample.debug.xcconfig"; path = "Pods/Target Support Files/Pods-JSONViewExample/Pods-JSONViewExample.debug.xcconfig"; sourceTree = "<group>"; };
		B693174770C8DAB73D215C9F /* Pods_JSONViewExample.framework */ = {isa = PBXFileReference; explicitFileType = wrapper.framework; includeInIndex = 0; path = Pods_JSONViewExample.framework; sourceTree = BUILT_PRODUCTS_DIR; };
/* End PBXFileReference section */

/* Begin PBXFrameworksBuildPhase section */
		1C3EC1FE2109EE920074A601 /* Frameworks */ = {
			isa = PBXFrameworksBuildPhase;
			buildActionMask = 2147483647;
			files = (
				8FD37DE83B878AAD7DE85777 /* Pods_JSONViewExample.framework in Frameworks */,
			);
			runOnlyForDeploymentPostprocessing = 0;
		};
/* End PBXFrameworksBuildPhase section */

/* Begin PBXGroup section */
		1C3EC1F82109EE920074A601 = {
			isa = PBXGroup;
			children = (
				1C3EC2032109EE920074A601 /* JSONViewExample */,
				1C3EC2022109EE920074A601 /* Products */,
				38006CF7174D91842D7C7BBB /* Pods */,
				84A846E48E37BD0FD4BC2B9D /* Frameworks */,
			);
			sourceTree = "<group>";
		};
		1C3EC2022109EE920074A601 /* Products */ = {
			isa = PBXGroup;
			children = (
				1C3EC2012109EE920074A601 /* JSONViewExample.app */,
			);
			name = Products;
			sourceTree = "<group>";
		};
		1C3EC2032109EE920074A601 /* JSONViewExample */ = {
			isa = PBXGroup;
			children = (
				1C3EC2042109EE920074A601 /* AppDelegate.h */,
				1C3EC2052109EE920074A601 /* AppDelegate.m */,
				1C3EC2072109EE920074A601 /* ViewController.h */,
				1C3EC2082109EE920074A601 /* ViewController.m */,
				1C3EC20A2109EE920074A601 /* Main.storyboard */,
				1C3EC20D2109EE930074A601 /* Assets.xcassets */,
				1C3EC20F2109EE930074A601 /* LaunchScreen.storyboard */,
				8052ADAF210C6AD3009A4098 /* json */,
				1C3EC2122109EE930074A601 /* Info.plist */,
				1C3EC2132109EE930074A601 /* main.m */,
				8052AD9D210BBD79009A4098 /* JSONViewController */,
			);
			path = JSONViewExample;
			sourceTree = "<group>";
		};
		38006CF7174D91842D7C7BBB /* Pods */ = {
			isa = PBXGroup;
			children = (
				84BADB79AD950AF6FEF108DB /* Pods-JSONViewExample.debug.xcconfig */,
				45A343F29E43BE7A1DE8D9FE /* Pods-JSONViewExample.release.xcconfig */,
			);
			name = Pods;
			sourceTree = "<group>";
		};
		8052AD9D210BBD79009A4098 /* JSONViewController */ = {
			isa = PBXGroup;
			children = (
				8052ADB4210E30F0009A4098 /* JSONAction */,
				8052AD9E210BBD79009A4098 /* JSONValue */,
				8052ADA4210BBD79009A4098 /* JSONViewController.h */,
				8052ADA8210BBD79009A4098 /* JSONViewController.m */,
				8052ADA7210BBD79009A4098 /* JSONLayout.h */,
				8052ADA5210BBD79009A4098 /* JSONLayout.m */,
				8052ADBE210F9FB4009A4098 /* UIView+JSONView.h */,
				8052ADBF210F9FB4009A4098 /* UIView+JSONView.m */,
				8052ADC8210FB6CA009A4098 /* JSONViewControllerRouter.h */,
				8052ADC9210FB6CA009A4098 /* JSONViewControllerRouter.m */,
			);
			path = JSONViewController;
			sourceTree = SOURCE_ROOT;
		};
		8052AD9E210BBD79009A4098 /* JSONValue */ = {
			isa = PBXGroup;
			children = (
				8052ADA1210BBD79009A4098 /* JSONValue.h */,
				8052AD9F210BBD79009A4098 /* JSONColor.h */,
				8052ADA3210BBD79009A4098 /* JSONColor.m */,
				8052ADA2210BBD79009A4098 /* JSONImage.h */,
				8052ADA0210BBD79009A4098 /* JSONImage.m */,
			);
			path = JSONValue;
			sourceTree = "<group>";
		};
		8052ADAF210C6AD3009A4098 /* json */ = {
			isa = PBXGroup;
			children = (
				8052ADB0210C6AD3009A4098 /* menu.json */,
				8052ADB1210C6AD3009A4098 /* feed.json */,
				8052ADCE210FBFDC009A4098 /* modal.json */,
			);
			path = json;
			sourceTree = "<group>";
		};
		8052ADB4210E30F0009A4098 /* JSONAction */ = {
			isa = PBXGroup;
			children = (
				8052ADB5210E3337009A4098 /* JSONAction.h */,
				8052ADBD210E61EB009A4098 /* JSONActionPayload.h */,
				8052ADC1210FB56C009A4098 /* JSONActionPayloadMap.h */,
				8052ADC2210FB56C009A4098 /* JSONActionPayloadMap.m */,
				8052ADBA210E60CA009A4098 /* JSONFileActionPayload.h */,
				8052ADBB210E60CA009A4098 /* JSONFileActionPayload.m */,
				8052ADB6210E33B1009A4098 /* JSONPushViewControllerAction.h */,
				8052ADB7210E33B1009A4098 /* JSONPushViewControllerAction.m */,
				8052ADCB210FBD7E009A4098 /* JSONPresentViewControllerAction.h */,
				8052ADCC210FBD7E009A4098 /* JSONPresentViewControllerAction.m */,
				8052ADD0210FC4A8009A4098 /* JSONPopViewControllerAction.h */,
				8052ADD1210FC4A8009A4098 /* JSONPopViewControllerAction.m */,
			);
			path = JSONAction;
			sourceTree = "<group>";
		};
		84A846E48E37BD0FD4BC2B9D /* Frameworks */ = {
			isa = PBXGroup;
			children = (
				B693174770C8DAB73D215C9F /* Pods_JSONViewExample.framework */,
			);
			name = Frameworks;
			sourceTree = "<group>";
		};
/* End PBXGroup section */

/* Begin PBXNativeTarget section */
		1C3EC2002109EE920074A601 /* JSONViewExample */ = {
			isa = PBXNativeTarget;
			buildConfigurationList = 1C3EC2172109EE930074A601 /* Build configuration list for PBXNativeTarget "JSONViewExample" */;
			buildPhases = (
				5D6B43B76F31D59F7D7157A5 /* [CP] Check Pods Manifest.lock */,
				1C3EC1FD2109EE920074A601 /* Sources */,
				1C3EC1FE2109EE920074A601 /* Frameworks */,
				1C3EC1FF2109EE920074A601 /* Resources */,
				139C9E90CB42B84751CEDADB /* [CP] Embed Pods Frameworks */,
			);
			buildRules = (
			);
			dependencies = (
			);
			name = JSONViewExample;
			productName = JSONViewExample;
			productReference = 1C3EC2012109EE920074A601 /* JSONViewExample.app */;
			productType = "com.apple.product-type.application";
		};
/* End PBXNativeTarget section */

/* Begin PBXProject section */
		1C3EC1F92109EE920074A601 /* Project object */ = {
			isa = PBXProject;
			attributes = {
				LastUpgradeCheck = 0940;
				TargetAttributes = {
					1C3EC2002109EE920074A601 = {
						CreatedOnToolsVersion = 9.4.1;
					};
				};
			};
			buildConfigurationList = 1C3EC1FC2109EE920074A601 /* Build configuration list for PBXProject "JSONViewExample" */;
			compatibilityVersion = "Xcode 9.3";
			developmentRegion = en;
			hasScannedForEncodings = 0;
			knownRegions = (
				en,
				Base,
			);
			mainGroup = 1C3EC1F82109EE920074A601;
			productRefGroup = 1C3EC2022109EE920074A601 /* Products */;
			projectDirPath = "";
			projectRoot = "";
			targets = (
				1C3EC2002109EE920074A601 /* JSONViewExample */,
			);
		};
/* End PBXProject section */

/* Begin PBXResourcesBuildPhase section */
		1C3EC1FF2109EE920074A601 /* Resources */ = {
			isa = PBXResourcesBuildPhase;
			buildActionMask = 2147483647;
			files = (
				1C3EC2112109EE930074A601 /* LaunchScreen.storyboard in Resources */,
				8052ADCF210FBFDC009A4098 /* modal.json in Resources */,
				1C3EC20E2109EE930074A601 /* Assets.xcassets in Resources */,
				8052ADB3210C6AD3009A4098 /* feed.json in Resources */,
				8052ADB2210C6AD3009A4098 /* menu.json in Resources */,
				1C3EC20C2109EE920074A601 /* Main.storyboard in Resources */,
			);
			runOnlyForDeploymentPostprocessing = 0;
		};
/* End PBXResourcesBuildPhase section */

/* Begin PBXShellScriptBuildPhase section */
		139C9E90CB42B84751CEDADB /* [CP] Embed Pods Frameworks */ = {
			isa = PBXShellScriptBuildPhase;
			buildActionMask = 2147483647;
			files = (
			);
			inputPaths = (
				"${SRCROOT}/Pods/Target Support Files/Pods-JSONViewExample/Pods-JSONViewExample-frameworks.sh",
				"${BUILT_PRODUCTS_DIR}/Yoga/yoga.framework",
				"${BUILT_PRODUCTS_DIR}/YogaKit/YogaKit.framework",
			);
			name = "[CP] Embed Pods Frameworks";
			outputPaths = (
				"${TARGET_BUILD_DIR}/${FRAMEWORKS_FOLDER_PATH}/yoga.framework",
				"${TARGET_BUILD_DIR}/${FRAMEWORKS_FOLDER_PATH}/YogaKit.framework",
			);
			runOnlyForDeploymentPostprocessing = 0;
			shellPath = /bin/sh;
			shellScript = "\"${SRCROOT}/Pods/Target Support Files/Pods-JSONViewExample/Pods-JSONViewExample-frameworks.sh\"\n";
			showEnvVarsInLog = 0;
		};
		5D6B43B76F31D59F7D7157A5 /* [CP] Check Pods Manifest.lock */ = {
			isa = PBXShellScriptBuildPhase;
			buildActionMask = 2147483647;
			files = (
			);
			inputPaths = (
				"${PODS_PODFILE_DIR_PATH}/Podfile.lock",
				"${PODS_ROOT}/Manifest.lock",
			);
			name = "[CP] Check Pods Manifest.lock";
			outputPaths = (
				"$(DERIVED_FILE_DIR)/Pods-JSONViewExample-checkManifestLockResult.txt",
			);
			runOnlyForDeploymentPostprocessing = 0;
			shellPath = /bin/sh;
			shellScript = "diff \"${PODS_PODFILE_DIR_PATH}/Podfile.lock\" \"${PODS_ROOT}/Manifest.lock\" > /dev/null\nif [ $? != 0 ] ; then\n    # print error to STDERR\n    echo \"error: The sandbox is not in sync with the Podfile.lock. Run 'pod install' or update your CocoaPods installation.\" >&2\n    exit 1\nfi\n# This output is used by Xcode 'outputs' to avoid re-running this script phase.\necho \"SUCCESS\" > \"${SCRIPT_OUTPUT_FILE_0}\"\n";
			showEnvVarsInLog = 0;
		};
/* End PBXShellScriptBuildPhase section */

/* Begin PBXSourcesBuildPhase section */
		1C3EC1FD2109EE920074A601 /* Sources */ = {
			isa = PBXSourcesBuildPhase;
			buildActionMask = 2147483647;
			files = (
				1C3EC2092109EE920074A601 /* ViewController.m in Sources */,
				1C3EC2142109EE930074A601 /* main.m in Sources */,
				8052ADBC210E60CA009A4098 /* JSONFileActionPayload.m in Sources */,
				8052ADCA210FB6CA009A4098 /* JSONViewControllerRouter.m in Sources */,
				8052ADCD210FBD7E009A4098 /* JSONPresentViewControllerAction.m in Sources */,
				8052ADAB210BBD79009A4098 /* JSONColor.m in Sources */,
				8052ADD2210FC4A8009A4098 /* JSONPopViewControllerAction.m in Sources */,
				1C3EC2062109EE920074A601 /* AppDelegate.m in Sources */,
				8052ADAA210BBD79009A4098 /* JSONImage.m in Sources */,
				8052ADAC210BBD79009A4098 /* JSONLayout.m in Sources */,
				8052ADC3210FB56C009A4098 /* JSONActionPayloadMap.m in Sources */,
				8052ADAD210BBD79009A4098 /* JSONViewController.m in Sources */,
				8052ADC0210F9FB4009A4098 /* UIView+JSONView.m in Sources */,
				8052ADB8210E33B1009A4098 /* JSONPushViewControllerAction.m in Sources */,
			);
			runOnlyForDeploymentPostprocessing = 0;
		};
/* End PBXSourcesBuildPhase section */

/* Begin PBXVariantGroup section */
		1C3EC20A2109EE920074A601 /* Main.storyboard */ = {
			isa = PBXVariantGroup;
			children = (
				1C3EC20B2109EE920074A601 /* Base */,
			);
			name = Main.storyboard;
			sourceTree = "<group>";
		};
		1C3EC20F2109EE930074A601 /* LaunchScreen.storyboard */ = {
			isa = PBXVariantGroup;
			children = (
				1C3EC2102109EE930074A601 /* Base */,
			);
			name = LaunchScreen.storyboard;
			sourceTree = "<group>";
		};
/* End PBXVariantGroup section */

/* Begin XCBuildConfiguration section */
		1C3EC2152109EE930074A601 /* Debug */ = {
			isa = XCBuildConfiguration;
			buildSettings = {
				ALWAYS_SEARCH_USER_PATHS = NO;
				CLANG_ANALYZER_NONNULL = YES;
				CLANG_ANALYZER_NUMBER_OBJECT_CONVERSION = YES_AGGRESSIVE;
				CLANG_CXX_LANGUAGE_STANDARD = "gnu++14";
				CLANG_CXX_LIBRARY = "libc++";
				CLANG_ENABLE_MODULES = YES;
				CLANG_ENABLE_OBJC_ARC = YES;
				CLANG_ENABLE_OBJC_WEAK = YES;
				CLANG_WARN_BLOCK_CAPTURE_AUTORELEASING = YES;
				CLANG_WARN_BOOL_CONVERSION = YES;
				CLANG_WARN_COMMA = YES;
				CLANG_WARN_CONSTANT_CONVERSION = YES;
				CLANG_WARN_DEPRECATED_OBJC_IMPLEMENTATIONS = YES;
				CLANG_WARN_DIRECT_OBJC_ISA_USAGE = YES_ERROR;
				CLANG_WARN_DOCUMENTATION_COMMENTS = YES;
				CLANG_WARN_EMPTY_BODY = YES;
				CLANG_WARN_ENUM_CONVERSION = YES;
				CLANG_WARN_INFINITE_RECURSION = YES;
				CLANG_WARN_INT_CONVERSION = YES;
				CLANG_WARN_NON_LITERAL_NULL_CONVERSION = YES;
				CLANG_WARN_OBJC_IMPLICIT_RETAIN_SELF = YES;
				CLANG_WARN_OBJC_LITERAL_CONVERSION = YES;
				CLANG_WARN_OBJC_ROOT_CLASS = YES_ERROR;
				CLANG_WARN_RANGE_LOOP_ANALYSIS = YES;
				CLANG_WARN_STRICT_PROTOTYPES = YES;
				CLANG_WARN_SUSPICIOUS_MOVE = YES;
				CLANG_WARN_UNGUARDED_AVAILABILITY = YES_AGGRESSIVE;
				CLANG_WARN_UNREACHABLE_CODE = YES;
				CLANG_WARN__DUPLICATE_METHOD_MATCH = YES;
				CODE_SIGN_IDENTITY = "iPhone Developer";
				COPY_PHASE_STRIP = NO;
				DEBUG_INFORMATION_FORMAT = dwarf;
				ENABLE_STRICT_OBJC_MSGSEND = YES;
				ENABLE_TESTABILITY = YES;
				GCC_C_LANGUAGE_STANDARD = gnu11;
				GCC_DYNAMIC_NO_PIC = NO;
				GCC_NO_COMMON_BLOCKS = YES;
				GCC_OPTIMIZATION_LEVEL = 0;
				GCC_PREPROCESSOR_DEFINITIONS = (
					"DEBUG=1",
					"$(inherited)",
				);
				GCC_WARN_64_TO_32_BIT_CONVERSION = YES;
				GCC_WARN_ABOUT_RETURN_TYPE = YES_ERROR;
				GCC_WARN_UNDECLARED_SELECTOR = YES;
				GCC_WARN_UNINITIALIZED_AUTOS = YES_AGGRESSIVE;
				GCC_WARN_UNUSED_FUNCTION = YES;
				GCC_WARN_UNUSED_VARIABLE = YES;
				IPHONEOS_DEPLOYMENT_TARGET = 11.4;
				MTL_ENABLE_DEBUG_INFO = YES;
				ONLY_ACTIVE_ARCH = YES;
				SDKROOT = iphoneos;
			};
			name = Debug;
		};
		1C3EC2162109EE930074A601 /* Release */ = {
			isa = XCBuildConfiguration;
			buildSettings = {
				ALWAYS_SEARCH_USER_PATHS = NO;
				CLANG_ANALYZER_NONNULL = YES;
				CLANG_ANALYZER_NUMBER_OBJECT_CONVERSION = YES_AGGRESSIVE;
				CLANG_CXX_LANGUAGE_STANDARD = "gnu++14";
				CLANG_CXX_LIBRARY = "libc++";
				CLANG_ENABLE_MODULES = YES;
				CLANG_ENABLE_OBJC_ARC = YES;
				CLANG_ENABLE_OBJC_WEAK = YES;
				CLANG_WARN_BLOCK_CAPTURE_AUTORELEASING = YES;
				CLANG_WARN_BOOL_CONVERSION = YES;
				CLANG_WARN_COMMA = YES;
				CLANG_WARN_CONSTANT_CONVERSION = YES;
				CLANG_WARN_DEPRECATED_OBJC_IMPLEMENTATIONS = YES;
				CLANG_WARN_DIRECT_OBJC_ISA_USAGE = YES_ERROR;
				CLANG_WARN_DOCUMENTATION_COMMENTS = YES;
				CLANG_WARN_EMPTY_BODY = YES;
				CLANG_WARN_ENUM_CONVERSION = YES;
				CLANG_WARN_INFINITE_RECURSION = YES;
				CLANG_WARN_INT_CONVERSION = YES;
				CLANG_WARN_NON_LITERAL_NULL_CONVERSION = YES;
				CLANG_WARN_OBJC_IMPLICIT_RETAIN_SELF = YES;
				CLANG_WARN_OBJC_LITERAL_CONVERSION = YES;
				CLANG_WARN_OBJC_ROOT_CLASS = YES_ERROR;
				CLANG_WARN_RANGE_LOOP_ANALYSIS = YES;
				CLANG_WARN_STRICT_PROTOTYPES = YES;
				CLANG_WARN_SUSPICIOUS_MOVE = YES;
				CLANG_WARN_UNGUARDED_AVAILABILITY = YES_AGGRESSIVE;
				CLANG_WARN_UNREACHABLE_CODE = YES;
				CLANG_WARN__DUPLICATE_METHOD_MATCH = YES;
				CODE_SIGN_IDENTITY = "iPhone Developer";
				COPY_PHASE_STRIP = NO;
				DEBUG_INFORMATION_FORMAT = "dwarf-with-dsym";
				ENABLE_NS_ASSERTIONS = NO;
				ENABLE_STRICT_OBJC_MSGSEND = YES;
				GCC_C_LANGUAGE_STANDARD = gnu11;
				GCC_NO_COMMON_BLOCKS = YES;
				GCC_WARN_64_TO_32_BIT_CONVERSION = YES;
				GCC_WARN_ABOUT_RETURN_TYPE = YES_ERROR;
				GCC_WARN_UNDECLARED_SELECTOR = YES;
				GCC_WARN_UNINITIALIZED_AUTOS = YES_AGGRESSIVE;
				GCC_WARN_UNUSED_FUNCTION = YES;
				GCC_WARN_UNUSED_VARIABLE = YES;
				IPHONEOS_DEPLOYMENT_TARGET = 11.4;
				MTL_ENABLE_DEBUG_INFO = NO;
				SDKROOT = iphoneos;
				VALIDATE_PRODUCT = YES;
			};
			name = Release;
		};
		1C3EC2182109EE930074A601 /* Debug */ = {
			isa = XCBuildConfiguration;
			baseConfigurationReference = 84BADB79AD950AF6FEF108DB /* Pods-JSONViewExample.debug.xcconfig */;
			buildSettings = {
				ASSETCATALOG_COMPILER_APPICON_NAME = AppIcon;
				CODE_SIGN_STYLE = Automatic;
				INFOPLIST_FILE = JSONViewExample/Info.plist;
				IPHONEOS_DEPLOYMENT_TARGET = 9.0;
				LD_RUNPATH_SEARCH_PATHS = (
					"$(inherited)",
					"@executable_path/Frameworks",
				);
				PRODUCT_BUNDLE_IDENTIFIER = com.pie33.JSONViewExample;
				PRODUCT_NAME = "$(TARGET_NAME)";
				TARGETED_DEVICE_FAMILY = "1,2";
			};
			name = Debug;
		};
		1C3EC2192109EE930074A601 /* Release */ = {
			isa = XCBuildConfiguration;
			baseConfigurationReference = 45A343F29E43BE7A1DE8D9FE /* Pods-JSONViewExample.release.xcconfig */;
			buildSettings = {
				ASSETCATALOG_COMPILER_APPICON_NAME = AppIcon;
				CODE_SIGN_STYLE = Automatic;
				INFOPLIST_FILE = JSONViewExample/Info.plist;
				IPHONEOS_DEPLOYMENT_TARGET = 9.0;
				LD_RUNPATH_SEARCH_PATHS = (
					"$(inherited)",
					"@executable_path/Frameworks",
				);
				PRODUCT_BUNDLE_IDENTIFIER = com.pie33.JSONViewExample;
				PRODUCT_NAME = "$(TARGET_NAME)";
				TARGETED_DEVICE_FAMILY = "1,2";
			};
			name = Release;
		};
/* End XCBuildConfiguration section */

/* Begin XCConfigurationList section */
		1C3EC1FC2109EE920074A601 /* Build configuration list for PBXProject "JSONViewExample" */ = {
			isa = XCConfigurationList;
			buildConfigurations = (
				1C3EC2152109EE930074A601 /* Debug */,
				1C3EC2162109EE930074A601 /* Release */,
			);
			defaultConfigurationIsVisible = 0;
			defaultConfigurationName = Release;
		};
		1C3EC2172109EE930074A601 /* Build configuration list for PBXNativeTarget "JSONViewExample" */ = {
			isa = XCConfigurationList;
			buildConfigurations = (
				1C3EC2182109EE930074A601 /* Debug */,
				1C3EC2192109EE930074A601 /* Release */,
			);
			defaultConfigurationIsVisible = 0;
			defaultConfigurationName = Release;
		};
/* End XCConfigurationList section */
	};
	rootObject = 1C3EC1F92109EE920074A601 /* Project object */;
}
